
Microsoft Visual Studio Solution File, Format Version 12.00
# Visual Studio Version 16
VisualStudioVersion = 16.0.31729.503
MinimumVisualStudioVersion = 10.0.40219.1
Project("{9A19103F-16F7-4668-BE54-9A1E7A4F7556}") = "Orientação a objetos", "Orientação a objetos\Orientação a objetos.csproj", "{FF628DE8-BA76-4B5B-8B78-0A841A1C2C81}"
EndProject
Project("{9A19103F-16F7-4668-BE54-9A1E7A4F7556}") = "Metodos", "Metodos\Metodos.csproj", "{6C989098-3223-4C5E-90AC-FF2E525AA1DB}"
EndProject
Project("{9A19103F-16F7-4668-BE54-9A1E7A4F7556}") = "ExercicioEscolar", "ExercicioEscolar\ExercicioEscolar.csproj", "{0797196D-F78E-4529-A87C-5F12A2731EAB}"
EndProject
Project("{9A19103F-16F7-4668-BE54-9A1E7A4F7556}") = "ProjetoIMC", "ProjetoIMC\ProjetoIMC.csproj", "{36CA179C-46C7-4151-9E29-D087E9CDDA37}"
EndProject
Project("{9A19103F-16F7-4668-BE54-9A1E7A4F7556}") = "Acesso", "Acesso\Acesso.csproj", "{4DE1BB74-9DE5-4C9E-B252-91315CD378A2}"
EndProject
Project("{9A19103F-16F7-4668-BE54-9A1E7A4F7556}") = "Encapsulamento", "Encapsulamento\Encapsulamento.csproj", "{B1E87158-2F10-4C59-8365-02AF4CDBE50C}"
EndProject
Project("{9A19103F-16F7-4668-BE54-9A1E7A4F7556}") = "Construtor", "Construtor\Construtor.csproj", "{3CB774AA-F36F-4914-80DF-1103FCDD3D92}"
EndProject
Project("{9A19103F-16F7-4668-BE54-9A1E7A4F7556}") = "GetSet", "GetSet\GetSet.csproj", "{F187522F-33EF-47A1-B7AD-60A9459FD057}"
EndProject
Project("{9A19103F-16F7-4668-BE54-9A1E7A4F7556}") = "This", "This\This.csproj", "{6E0FD0EE-99AB-4205-B512-C2125D57E1F8}"
EndProject
Project("{9A19103F-16F7-4668-BE54-9A1E7A4F7556}") = "Herança", "Herança\Herança.csproj", "{E94C8507-CB9F-4AAE-B5F7-A535A3BCE735}"
EndProject
Project("{9A19103F-16F7-4668-BE54-9A1E7A4F7556}") = "Polimorfismo", "Polimorfismo\Polimorfismo.csproj", "{666FB0C8-A01A-420E-B31B-DED41E1F0254}"
EndProject
Project("{9A19103F-16F7-4668-BE54-9A1E7A4F7556}") = "Estático", "Estático\Estático.csproj", "{7741389F-D9B4-43DD-8ACB-C22285280F0B}"
EndProject
Project("{FAE04EC0-301F-11D3-BF4B-00C04F79EFBC}") = "Abstração", "Abstração\Abstração.csproj", "{908DA8D7-6F00-482A-8197-DEB6AA56E1D6}"
EndProject
Project("{FAE04EC0-301F-11D3-BF4B-00C04F79EFBC}") = "Interface", "Interface\Interface.csproj", "{38067FC3-E933-442A-8ADA-06E688F9E391}"
EndProject
Global
	GlobalSection(SolutionConfigurationPlatforms) = preSolution
		Debug|Any CPU = Debug|Any CPU
		Release|Any CPU = Release|Any CPU
	EndGlobalSection
	GlobalSection(ProjectConfigurationPlatforms) = postSolution
		{FF628DE8-BA76-4B5B-8B78-0A841A1C2C81}.Debug|Any CPU.ActiveCfg = Debug|Any CPU
		{FF628DE8-BA76-4B5B-8B78-0A841A1C2C81}.Debug|Any CPU.Build.0 = Debug|Any CPU
		{FF628DE8-BA76-4B5B-8B78-0A841A1C2C81}.Release|Any CPU.ActiveCfg = Release|Any CPU
		{FF628DE8-BA76-4B5B-8B78-0A841A1C2C81}.Release|Any CPU.Build.0 = Release|Any CPU
		{6C989098-3223-4C5E-90AC-FF2E525AA1DB}.Debug|Any CPU.ActiveCfg = Debug|Any CPU
		{6C989098-3223-4C5E-90AC-FF2E525AA1DB}.Debug|Any CPU.Build.0 = Debug|Any CPU
		{6C989098-3223-4C5E-90AC-FF2E525AA1DB}.Release|Any CPU.ActiveCfg = Release|Any CPU
		{6C989098-3223-4C5E-90AC-FF2E525AA1DB}.Release|Any CPU.Build.0 = Release|Any CPU
		{0797196D-F78E-4529-A87C-5F12A2731EAB}.Debug|Any CPU.ActiveCfg = Debug|Any CPU
		{0797196D-F78E-4529-A87C-5F12A2731EAB}.Debug|Any CPU.Build.0 = Debug|Any CPU
		{0797196D-F78E-4529-A87C-5F12A2731EAB}.Release|Any CPU.ActiveCfg = Release|Any CPU
		{0797196D-F78E-4529-A87C-5F12A2731EAB}.Release|Any CPU.Build.0 = Release|Any CPU
		{36CA179C-46C7-4151-9E29-D087E9CDDA37}.Debug|Any CPU.ActiveCfg = Debug|Any CPU
		{36CA179C-46C7-4151-9E29-D087E9CDDA37}.Debug|Any CPU.Build.0 = Debug|Any CPU
		{36CA179C-46C7-4151-9E29-D087E9CDDA37}.Release|Any CPU.ActiveCfg = Release|Any CPU
		{36CA179C-46C7-4151-9E29-D087E9CDDA37}.Release|Any CPU.Build.0 = Release|Any CPU
		{4DE1BB74-9DE5-4C9E-B252-91315CD378A2}.Debug|Any CPU.ActiveCfg = Debug|Any CPU
		{4DE1BB74-9DE5-4C9E-B252-91315CD378A2}.Debug|Any CPU.Build.0 = Debug|Any CPU
		{4DE1BB74-9DE5-4C9E-B252-91315CD378A2}.Release|Any CPU.ActiveCfg = Release|Any CPU
		{4DE1BB74-9DE5-4C9E-B252-91315CD378A2}.Release|Any CPU.Build.0 = Release|Any CPU
		{B1E87158-2F10-4C59-8365-02AF4CDBE50C}.Debug|Any CPU.ActiveCfg = Debug|Any CPU
		{B1E87158-2F10-4C59-8365-02AF4CDBE50C}.Debug|Any CPU.Build.0 = Debug|Any CPU
		{B1E87158-2F10-4C59-8365-02AF4CDBE50C}.Release|Any CPU.ActiveCfg = Release|Any CPU
		{B1E87158-2F10-4C59-8365-02AF4CDBE50C}.Release|Any CPU.Build.0 = Release|Any CPU
		{3CB774AA-F36F-4914-80DF-1103FCDD3D92}.Debug|Any CPU.ActiveCfg = Debug|Any CPU
		{3CB774AA-F36F-4914-80DF-1103FCDD3D92}.Debug|Any CPU.Build.0 = Debug|Any CPU
		{3CB774AA-F36F-4914-80DF-1103FCDD3D92}.Release|Any CPU.ActiveCfg = Release|Any CPU
		{3CB774AA-F36F-4914-80DF-1103FCDD3D92}.Release|Any CPU.Build.0 = Release|Any CPU
		{F187522F-33EF-47A1-B7AD-60A9459FD057}.Debug|Any CPU.ActiveCfg = Debug|Any CPU
		{F187522F-33EF-47A1-B7AD-60A9459FD057}.Debug|Any CPU.Build.0 = Debug|Any CPU
		{F187522F-33EF-47A1-B7AD-60A9459FD057}.Release|Any CPU.ActiveCfg = Release|Any CPU
		{F187522F-33EF-47A1-B7AD-60A9459FD057}.Release|Any CPU.Build.0 = Release|Any CPU
		{6E0FD0EE-99AB-4205-B512-C2125D57E1F8}.Debug|Any CPU.ActiveCfg = Debug|Any CPU
		{6E0FD0EE-99AB-4205-B512-C2125D57E1F8}.Debug|Any CPU.Build.0 = Debug|Any CPU
		{6E0FD0EE-99AB-4205-B512-C2125D57E1F8}.Release|Any CPU.ActiveCfg = Release|Any CPU
		{6E0FD0EE-99AB-4205-B512-C2125D57E1F8}.Release|Any CPU.Build.0 = Release|Any CPU
		{E94C8507-CB9F-4AAE-B5F7-A535A3BCE735}.Debug|Any CPU.ActiveCfg = Debug|Any CPU
		{E94C8507-CB9F-4AAE-B5F7-A535A3BCE735}.Debug|Any CPU.Build.0 = Debug|Any CPU
		{E94C8507-CB9F-4AAE-B5F7-A535A3BCE735}.Release|Any CPU.ActiveCfg = Release|Any CPU
		{E94C8507-CB9F-4AAE-B5F7-A535A3BCE735}.Release|Any CPU.Build.0 = Release|Any CPU
		{666FB0C8-A01A-420E-B31B-DED41E1F0254}.Debug|Any CPU.ActiveCfg = Debug|Any CPU
		{666FB0C8-A01A-420E-B31B-DED41E1F0254}.Debug|Any CPU.Build.0 = Debug|Any CPU
		{666FB0C8-A01A-420E-B31B-DED41E1F0254}.Release|Any CPU.ActiveCfg = Release|Any CPU
		{666FB0C8-A01A-420E-B31B-DED41E1F0254}.Release|Any CPU.Build.0 = Release|Any CPU
		{7741389F-D9B4-43DD-8ACB-C22285280F0B}.Debug|Any CPU.ActiveCfg = Debug|Any CPU
		{7741389F-D9B4-43DD-8ACB-C22285280F0B}.Debug|Any CPU.Build.0 = Debug|Any CPU
		{7741389F-D9B4-43DD-8ACB-C22285280F0B}.Release|Any CPU.ActiveCfg = Release|Any CPU
		{7741389F-D9B4-43DD-8ACB-C22285280F0B}.Release|Any CPU.Build.0 = Release|Any CPU
		{908DA8D7-6F00-482A-8197-DEB6AA56E1D6}.Debug|Any CPU.ActiveCfg = Debug|Any CPU
		{908DA8D7-6F00-482A-8197-DEB6AA56E1D6}.Debug|Any CPU.Build.0 = Debug|Any CPU
		{908DA8D7-6F00-482A-8197-DEB6AA56E1D6}.Release|Any CPU.ActiveCfg = Release|Any CPU
		{908DA8D7-6F00-482A-8197-DEB6AA56E1D6}.Release|Any CPU.Build.0 = Release|Any CPU
		{38067FC3-E933-442A-8ADA-06E688F9E391}.Debug|Any CPU.ActiveCfg = Debug|Any CPU
		{38067FC3-E933-442A-8ADA-06E688F9E391}.Debug|Any CPU.Build.0 = Debug|Any CPU
		{38067FC3-E933-442A-8ADA-06E688F9E391}.Release|Any CPU.ActiveCfg = Release|Any CPU
		{38067FC3-E933-442A-8ADA-06E688F9E391}.Release|Any CPU.Build.0 = Release|Any CPU
	EndGlobalSection
	GlobalSection(SolutionProperties) = preSolution
		HideSolutionNode = FALSE
	EndGlobalSection
	GlobalSection(ExtensibilityGlobals) = postSolution
		SolutionGuid = {A14E7461-E395-468F-A268-B86F5E1ECC58}
	EndGlobalSection
EndGlobal
